{
  "name": "4.7",
  "lockfileVersion": 2,
  "requires": true,
  "packages": {
    "": {
      "dependencies": {
        "types-registry": "^0.1.606"
      },
      "devDependencies": {
        "@types/babel__code-frame": "^7.0.3",
        "@types/babel__core": "^7.1.19",
        "@types/babel__generator": "^7.6.4",
        "@types/babel__preset-env": "^7.9.2",
        "@types/babel__template": "^7.4.1",
        "@types/babel__traverse": "^7.17.1",
        "@types/babel-core": "^6.25.7",
        "@types/chai": "^4.3.3",
        "@types/chai-dom": "^0.0.13",
        "@types/chai-spies": "^1.0.3",
        "@types/define-properties": "^1.1.3",
        "@types/gensync": "^1.0.0",
        "@types/has": "^1.0.0",
        "@types/jsdom": "^20.0.0",
        "@types/mocha": "^9.1.1",
        "@types/node": "^18.6.3",
        "@types/object-inspect": "^1.8.1",
        "@types/semver": "^7.3.10",
        "@types/sinon": "^10.0.13"
      }
    },
    "node_modules/@babel/helper-string-parser": {
      "version": "7.18.10",
      "resolved": "https://registry.npmjs.org/@babel/helper-string-parser/-/helper-string-parser-7.18.10.tgz",
      "integrity": "sha512-XtIfWmeNY3i4t7t4D2t02q50HvqHybPqW2ki1kosnvWCwuCMeo81Jf0gwr85jy/neUdg5XDdeFE/80DXiO+njw==",
      "dev": true,
      "engines": {
        "node": ">=6.9.0"
      }
    },
    "node_modules/@babel/helper-validator-identifier": {
      "version": "7.18.6",
      "resolved": "https://registry.npmjs.org/@babel/helper-validator-identifier/-/helper-validator-identifier-7.18.6.tgz",
      "integrity": "sha512-MmetCkz9ej86nJQV+sFCxoGGrUbU3q02kgLciwkrt9QqEB7cP39oKEY0PakknEO0Gu20SskMRi+AYZ3b1TpN9g==",
      "dev": true,
      "engines": {
        "node": ">=6.9.0"
      }
    },
    "node_modules/@babel/parser": {
      "version": "7.18.11",
      "resolved": "https://registry.npmjs.org/@babel/parser/-/parser-7.18.11.tgz",
      "integrity": "sha512-9JKn5vN+hDt0Hdqn1PiJ2guflwP+B6Ga8qbDuoF0PzzVhrzsKIJo8yGqVk6CmMHiMei9w1C1Bp9IMJSIK+HPIQ==",
      "dev": true,
      "bin": {
        "parser": "bin/babel-parser.js"
      },
      "engines": {
        "node": ">=6.0.0"
      }
    },
    "node_modules/@babel/types": {
      "version": "7.18.10",
      "resolved": "https://registry.npmjs.org/@babel/types/-/types-7.18.10.tgz",
      "integrity": "sha512-MJvnbEiiNkpjo+LknnmRrqbY1GPUUggjv+wQVjetM/AONoupqRALB7I6jGqNUAZsKcRIEu2J6FRFvsczljjsaQ==",
      "dev": true,
      "dependencies": {
        "@babel/helper-string-parser": "^7.18.10",
        "@babel/helper-validator-identifier": "^7.18.6",
        "to-fast-properties": "^2.0.0"
      },
      "engines": {
        "node": ">=6.9.0"
      }
    },
    "node_modules/@types/babel__code-frame": {
      "version": "7.0.3",
      "resolved": "https://registry.npmjs.org/@types/babel__code-frame/-/babel__code-frame-7.0.3.tgz",
      "integrity": "sha512-2TN6oiwtNjOezilFVl77zwdNPwQWaDBBCCWWxyo1ctiO3vAtd7H/aB/CBJdw9+kqq3+latD0SXoedIuHySSZWw==",
      "dev": true
    },
    "node_modules/@types/babel__core": {
      "version": "7.1.19",
      "resolved": "https://registry.npmjs.org/@types/babel__core/-/babel__core-7.1.19.tgz",
      "integrity": "sha512-WEOTgRsbYkvA/KCsDwVEGkd7WAr1e3g31VHQ8zy5gul/V1qKullU/BU5I68X5v7V3GnB9eotmom4v5a5gjxorw==",
      "dev": true,
      "dependencies": {
        "@babel/parser": "^7.1.0",
        "@babel/types": "^7.0.0",
        "@types/babel__generator": "*",
        "@types/babel__template": "*",
        "@types/babel__traverse": "*"
      }
    },
    "node_modules/@types/babel__generator": {
      "version": "7.6.4",
      "resolved": "https://registry.npmjs.org/@types/babel__generator/-/babel__generator-7.6.4.tgz",
      "integrity": "sha512-tFkciB9j2K755yrTALxD44McOrk+gfpIpvC3sxHjRawj6PfnQxrse4Clq5y/Rq+G3mrBurMax/lG8Qn2t9mSsg==",
      "dev": true,
      "dependencies": {
        "@babel/types": "^7.0.0"
      }
    },
    "node_modules/@types/babel__preset-env": {
      "version": "7.9.2",
      "resolved": "https://registry.npmjs.org/@types/babel__preset-env/-/babel__preset-env-7.9.2.tgz",
      "integrity": "sha512-epEgKQiqTDZdPgYwtriYK1GVAGcyVZVvvw2UatX3+95mogKGimebApcMEWLF12uhUbNIvX284CSQEavnV/OIgw==",
      "dev": true
    },
    "node_modules/@types/babel__template": {
      "version": "7.4.1",
      "resolved": "https://registry.npmjs.org/@types/babel__template/-/babel__template-7.4.1.tgz",
      "integrity": "sha512-azBFKemX6kMg5Io+/rdGT0dkGreboUVR0Cdm3fz9QJWpaQGJRQXl7C+6hOTCZcMll7KFyEQpgbYI2lHdsS4U7g==",
      "dev": true,
      "dependencies": {
        "@babel/parser": "^7.1.0",
        "@babel/types": "^7.0.0"
      }
    },
    "node_modules/@types/babel__traverse": {
      "version": "7.17.1",
      "resolved": "https://registry.npmjs.org/@types/babel__traverse/-/babel__traverse-7.17.1.tgz",
      "integrity": "sha512-kVzjari1s2YVi77D3w1yuvohV2idweYXMCDzqBiVNN63TcDWrIlTVOYpqVrvbbyOE/IyzBoTKF0fdnLPEORFxA==",
      "dev": true,
      "dependencies": {
        "@babel/types": "^7.3.0"
      }
    },
    "node_modules/@types/babel-core": {
      "version": "6.25.7",
      "resolved": "https://registry.npmjs.org/@types/babel-core/-/babel-core-6.25.7.tgz",
      "integrity": "sha512-WPnyzNFVRo6bxpr7bcL27qXtNKNQ3iToziNBpibaXHyKGWQA0+tTLt73QQxC/5zzbM544ih6Ni5L5xrck6rGwg==",
      "dev": true,
      "dependencies": {
        "@types/babel-generator": "*",
        "@types/babel-template": "*",
        "@types/babel-traverse": "*",
        "@types/babel-types": "*",
        "@types/babylon": "*"
      }
    },
    "node_modules/@types/babel-generator": {
      "version": "6.25.5",
      "resolved": "https://registry.npmjs.org/@types/babel-generator/-/babel-generator-6.25.5.tgz",
      "integrity": "sha512-lhbwMlAy5rfWG+R6l8aPtJdEFX/kcv6LMFIuvUb0i89ehqgD24je9YcB+0fRspQhgJGlEsUImxpw4pQeKS/+8Q==",
      "dev": true,
      "dependencies": {
        "@types/babel-types": "*"
      }
    },
    "node_modules/@types/babel-template": {
      "version": "6.25.2",
      "resolved": "https://registry.npmjs.org/@types/babel-template/-/babel-template-6.25.2.tgz",
      "integrity": "sha512-QKtDQRJmAz3Y1HSxfMl0syIHebMc/NnOeH/8qeD0zjgU2juD0uyC922biMxCy5xjTNvHinigML2l8kxE8eEBmw==",
      "dev": true,
      "dependencies": {
        "@types/babel-types": "*",
        "@types/babylon": "*"
      }
    },
    "node_modules/@types/babel-traverse": {
      "version": "6.25.7",
      "resolved": "https://registry.npmjs.org/@types/babel-traverse/-/babel-traverse-6.25.7.tgz",
      "integrity": "sha512-BeQiEGLnVzypzBdsexEpZAHUx+WucOMXW6srEWDkl4SegBlaCy+iBvRO+4vz6EZ+BNQg22G4MCdDdvZxf+jW5A==",
      "dev": true,
      "dependencies": {
        "@types/babel-types": "*"
      }
    },
    "node_modules/@types/babel-types": {
      "version": "7.0.11",
      "resolved": "https://registry.npmjs.org/@types/babel-types/-/babel-types-7.0.11.tgz",
      "integrity": "sha512-pkPtJUUY+Vwv6B1inAz55rQvivClHJxc9aVEPPmaq2cbyeMLCiDpbKpcKyX4LAwpNGi+SHBv0tHv6+0gXv0P2A==",
      "dev": true
    },
    "node_modules/@types/babylon": {
      "version": "6.16.6",
      "resolved": "https://registry.npmjs.org/@types/babylon/-/babylon-6.16.6.tgz",
      "integrity": "sha512-G4yqdVlhr6YhzLXFKy5F7HtRBU8Y23+iWy7UKthMq/OSQnL1hbsoeXESQ2LY8zEDlknipDG3nRGhUC9tkwvy/w==",
      "dev": true,
      "dependencies": {
        "@types/babel-types": "*"
      }
    },
    "node_modules/@types/chai": {
      "version": "4.3.3",
      "resolved": "https://registry.npmjs.org/@types/chai/-/chai-4.3.3.tgz",
      "integrity": "sha512-hC7OMnszpxhZPduX+m+nrx+uFoLkWOMiR4oa/AZF3MuSETYTZmFfJAHqZEM8MVlvfG7BEUcgvtwoCTxBp6hm3g==",
      "dev": true
    },
    "node_modules/@types/chai-dom": {
      "version": "0.0.13",
      "resolved": "https://registry.npmjs.org/@types/chai-dom/-/chai-dom-0.0.13.tgz",
      "integrity": "sha512-A0DqBgZIExkhlH15chRY4qSIBWtl2/ZEvyNjBo+Xp0gZRexz3qjFNHh1mUhhD3TFVacCz1PC8FAPMpUqzSR1AQ==",
      "dev": true,
      "dependencies": {
        "@types/chai": "*"
      }
    },
    "node_modules/@types/chai-spies": {
      "version": "1.0.3",
      "resolved": "https://registry.npmjs.org/@types/chai-spies/-/chai-spies-1.0.3.tgz",
      "integrity": "sha512-RBZjhVuK7vrg4rWMt04UF5zHYwfHnpk5mIWu3nQvU3AKGDixXzSjZ6v0zke6pBcaJqMv3IBZ5ibLWPMRDL0sLw==",
      "dev": true,
      "dependencies": {
        "@types/chai": "*"
      }
    },
    "node_modules/@types/define-properties": {
      "version": "1.1.3",
      "resolved": "https://registry.npmjs.org/@types/define-properties/-/define-properties-1.1.3.tgz",
      "integrity": "sha512-sy28cGpoVMKev/So6+j09IvzEbvpxVjvl8wfOpP8ibNh4l+zH+UoVIqqQjFi1p79nzv4Bi/zZx4mSI/brTib/A==",
      "dev": true
    },
    "node_modules/@types/gensync": {
      "version": "1.0.0",
      "resolved": "https://registry.npmjs.org/@types/gensync/-/gensync-1.0.0.tgz",
      "integrity": "sha512-EdnUCy58wrMg7sucUqEHdJ4sN+uBx62vHepdrWay5XCe6WYLGIVl9YH5ylrk6+PQIEzM/Ud3XrB41YQ0gcYRZw==",
      "dev": true
    },
    "node_modules/@types/has": {
      "version": "1.0.0",
      "resolved": "https://registry.npmjs.org/@types/has/-/has-1.0.0.tgz",
      "integrity": "sha512-1J4U6Ipq5B+ytzNa9XWYg+U5cI5nt12a+RiISbKD9a74QDoRVhoBd6GPtd+imkqQRaTGO1l6bvdP1cqsM6dCpw==",
      "dev": true
    },
    "node_modules/@types/jsdom": {
      "version": "20.0.0",
      "resolved": "https://registry.npmjs.org/@types/jsdom/-/jsdom-20.0.0.tgz",
      "integrity": "sha512-YfAchFs0yM1QPDrLm2VHe+WHGtqms3NXnXAMolrgrVP6fgBHHXy1ozAbo/dFtPNtZC/m66bPiCTWYmqp1F14gA==",
      "dev": true,
      "dependencies": {
        "@types/node": "*",
        "@types/tough-cookie": "*",
        "parse5": "^7.0.0"
      }
    },
    "node_modules/@types/mocha": {
      "version": "9.1.1",
      "resolved": "https://registry.npmjs.org/@types/mocha/-/mocha-9.1.1.tgz",
      "integrity": "sha512-Z61JK7DKDtdKTWwLeElSEBcWGRLY8g95ic5FoQqI9CMx0ns/Ghep3B4DfcEimiKMvtamNVULVNKEsiwV3aQmXw==",
      "dev": true
    },
    "node_modules/@types/node": {
      "version": "18.6.3",
      "resolved": "https://registry.npmjs.org/@types/node/-/node-18.6.3.tgz",
      "integrity": "sha512-6qKpDtoaYLM+5+AFChLhHermMQxc3TOEFIDzrZLPRGHPrLEwqFkkT5Kx3ju05g6X7uDPazz3jHbKPX0KzCjntg==",
      "dev": true
    },
    "node_modules/@types/object-inspect": {
      "version": "1.8.1",
      "resolved": "https://registry.npmjs.org/@types/object-inspect/-/object-inspect-1.8.1.tgz",
      "integrity": "sha512-0JTdf3CGV0oWzE6Wa40Ayv2e2GhpP3pEJMcrlM74vBSJPuuNkVwfDnl0SZxyFCXETcB4oKA/MpTVfuYSMOelBg==",
      "dev": true
    },
    "node_modules/@types/semver": {
      "version": "7.3.10",
      "resolved": "https://registry.npmjs.org/@types/semver/-/semver-7.3.10.tgz",
      "integrity": "sha512-zsv3fsC7S84NN6nPK06u79oWgrPVd0NvOyqgghV1haPaFcVxIrP4DLomRwGAXk0ui4HZA7mOcSFL98sMVW9viw==",
      "dev": true
    },
    "node_modules/@types/sinon": {
      "version": "10.0.13",
      "resolved": "https://registry.npmjs.org/@types/sinon/-/sinon-10.0.13.tgz",
      "integrity": "sha512-UVjDqJblVNQYvVNUsj0PuYYw0ELRmgt1Nt5Vk0pT5f16ROGfcKJY8o1HVuMOJOpD727RrGB9EGvoaTQE5tgxZQ==",
      "dev": true,
      "dependencies": {
        "@types/sinonjs__fake-timers": "*"
      }
    },
    "node_modules/@types/sinonjs__fake-timers": {
      "version": "8.1.2",
      "resolved": "https://registry.npmjs.org/@types/sinonjs__fake-timers/-/sinonjs__fake-timers-8.1.2.tgz",
      "integrity": "sha512-9GcLXF0/v3t80caGs5p2rRfkB+a8VBGLJZVih6CNFkx8IZ994wiKKLSRs9nuFwk1HevWs/1mnUmkApGrSGsShA==",
      "dev": true
    },
    "node_modules/@types/tough-cookie": {
      "version": "4.0.2",
      "resolved": "https://registry.npmjs.org/@types/tough-cookie/-/tough-cookie-4.0.2.tgz",
      "integrity": "sha512-Q5vtl1W5ue16D+nIaW8JWebSSraJVlK+EthKn7e7UcD4KWsaSJ8BqGPXNaPghgtcn/fhvrN17Tv8ksUsQpiplw==",
      "dev": true
    },
    "node_modules/entities": {
      "version": "4.3.1",
      "resolved": "https://registry.npmjs.org/entities/-/entities-4.3.1.tgz",
      "integrity": "sha512-o4q/dYJlmyjP2zfnaWDUC6A3BQFmVTX+tZPezK7k0GLSU9QYCauscf5Y+qcEPzKL+EixVouYDgLQK5H9GrLpkg==",
      "dev": true,
      "engines": {
        "node": ">=0.12"
      },
      "funding": {
        "url": "https://github.com/fb55/entities?sponsor=1"
      }
    },
    "node_modules/parse5": {
      "version": "7.0.0",
      "resolved": "https://registry.npmjs.org/parse5/-/parse5-7.0.0.tgz",
      "integrity": "sha512-y/t8IXSPWTuRZqXc0ajH/UwDj4mnqLEbSttNbThcFhGrZuOyoyvNBO85PBp2jQa55wY9d07PBNjsK8ZP3K5U6g==",
      "dev": true,
      "dependencies": {
        "entities": "^4.3.0"
      },
      "funding": {
        "url": "https://github.com/inikulin/parse5?sponsor=1"
      }
    },
    "node_modules/to-fast-properties": {
      "version": "2.0.0",
      "resolved": "https://registry.npmjs.org/to-fast-properties/-/to-fast-properties-2.0.0.tgz",
      "integrity": "sha512-/OaKK0xYrs3DmxRYqL/yDc+FxFUVYhDlXMhRmv3z915w2HF1tnN1omB354j8VUGO/hbRzyD6Y3sA7v7GS/ceog==",
      "dev": true,
      "engines": {
        "node": ">=4"
      }
    },
    "node_modules/types-registry": {
      "version": "0.1.606",
      "resolved": "https://registry.npmjs.org/types-registry/-/types-registry-0.1.606.tgz",
      "integrity": "sha512-INI0PTChOJ1zeEEFjwn/8K6bppp/yXVAWEB5I8X1cP+l1IiMuD5poNhZdDx6rv3Mc/y3ps3I2PRMrKA6W/CBPA=="
    }
  },
  "dependencies": {
    "@babel/helper-string-parser": {
      "version": "7.18.10",
      "resolved": "https://registry.npmjs.org/@babel/helper-string-parser/-/helper-string-parser-7.18.10.tgz",
      "integrity": "sha512-XtIfWmeNY3i4t7t4D2t02q50HvqHybPqW2ki1kosnvWCwuCMeo81Jf0gwr85jy/neUdg5XDdeFE/80DXiO+njw==",
      "dev": true
    },
    "@babel/helper-validator-identifier": {
      "version": "7.18.6",
      "resolved": "https://registry.npmjs.org/@babel/helper-validator-identifier/-/helper-validator-identifier-7.18.6.tgz",
      "integrity": "sha512-MmetCkz9ej86nJQV+sFCxoGGrUbU3q02kgLciwkrt9QqEB7cP39oKEY0PakknEO0Gu20SskMRi+AYZ3b1TpN9g==",
      "dev": true
    },
    "@babel/parser": {
      "version": "7.18.11",
      "resolved": "https://registry.npmjs.org/@babel/parser/-/parser-7.18.11.tgz",
      "integrity": "sha512-9JKn5vN+hDt0Hdqn1PiJ2guflwP+B6Ga8qbDuoF0PzzVhrzsKIJo8yGqVk6CmMHiMei9w1C1Bp9IMJSIK+HPIQ==",
      "dev": true
    },
    "@babel/types": {
      "version": "7.18.10",
      "resolved": "https://registry.npmjs.org/@babel/types/-/types-7.18.10.tgz",
      "integrity": "sha512-MJvnbEiiNkpjo+LknnmRrqbY1GPUUggjv+wQVjetM/AONoupqRALB7I6jGqNUAZsKcRIEu2J6FRFvsczljjsaQ==",
      "dev": true,
      "requires": {
        "@babel/helper-string-parser": "^7.18.10",
        "@babel/helper-validator-identifier": "^7.18.6",
        "to-fast-properties": "^2.0.0"
      }
    },
    "@types/babel__code-frame": {
      "version": "7.0.3",
      "resolved": "https://registry.npmjs.org/@types/babel__code-frame/-/babel__code-frame-7.0.3.tgz",
      "integrity": "sha512-2TN6oiwtNjOezilFVl77zwdNPwQWaDBBCCWWxyo1ctiO3vAtd7H/aB/CBJdw9+kqq3+latD0SXoedIuHySSZWw==",
      "dev": true
    },
    "@types/babel__core": {
      "version": "7.1.19",
      "resolved": "https://registry.npmjs.org/@types/babel__core/-/babel__core-7.1.19.tgz",
      "integrity": "sha512-WEOTgRsbYkvA/KCsDwVEGkd7WAr1e3g31VHQ8zy5gul/V1qKullU/BU5I68X5v7V3GnB9eotmom4v5a5gjxorw==",
      "dev": true,
      "requires": {
        "@babel/parser": "^7.1.0",
        "@babel/types": "^7.0.0",
        "@types/babel__generator": "*",
        "@types/babel__template": "*",
        "@types/babel__traverse": "*"
      }
    },
    "@types/babel__generator": {
      "version": "7.6.4",
      "resolved": "https://registry.npmjs.org/@types/babel__generator/-/babel__generator-7.6.4.tgz",
      "integrity": "sha512-tFkciB9j2K755yrTALxD44McOrk+gfpIpvC3sxHjRawj6PfnQxrse4Clq5y/Rq+G3mrBurMax/lG8Qn2t9mSsg==",
      "dev": true,
      "requires": {
        "@babel/types": "^7.0.0"
      }
    },
    "@types/babel__preset-env": {
      "version": "7.9.2",
      "resolved": "https://registry.npmjs.org/@types/babel__preset-env/-/babel__preset-env-7.9.2.tgz",
      "integrity": "sha512-epEgKQiqTDZdPgYwtriYK1GVAGcyVZVvvw2UatX3+95mogKGimebApcMEWLF12uhUbNIvX284CSQEavnV/OIgw==",
      "dev": true
    },
    "@types/babel__template": {
      "version": "7.4.1",
      "resolved": "https://registry.npmjs.org/@types/babel__template/-/babel__template-7.4.1.tgz",
      "integrity": "sha512-azBFKemX6kMg5Io+/rdGT0dkGreboUVR0Cdm3fz9QJWpaQGJRQXl7C+6hOTCZcMll7KFyEQpgbYI2lHdsS4U7g==",
      "dev": true,
      "requires": {
        "@babel/parser": "^7.1.0",
        "@babel/types": "^7.0.0"
      }
    },
    "@types/babel__traverse": {
      "version": "7.17.1",
      "resolved": "https://registry.npmjs.org/@types/babel__traverse/-/babel__traverse-7.17.1.tgz",
      "integrity": "sha512-kVzjari1s2YVi77D3w1yuvohV2idweYXMCDzqBiVNN63TcDWrIlTVOYpqVrvbbyOE/IyzBoTKF0fdnLPEORFxA==",
      "dev": true,
      "requires": {
        "@babel/types": "^7.3.0"
      }
    },
    "@types/babel-core": {
      "version": "6.25.7",
      "resolved": "https://registry.npmjs.org/@types/babel-core/-/babel-core-6.25.7.tgz",
      "integrity": "sha512-WPnyzNFVRo6bxpr7bcL27qXtNKNQ3iToziNBpibaXHyKGWQA0+tTLt73QQxC/5zzbM544ih6Ni5L5xrck6rGwg==",
      "dev": true,
      "requires": {
        "@types/babel-generator": "*",
        "@types/babel-template": "*",
        "@types/babel-traverse": "*",
        "@types/babel-types": "*",
        "@types/babylon": "*"
      }
    },
    "@types/babel-generator": {
      "version": "6.25.5",
      "resolved": "https://registry.npmjs.org/@types/babel-generator/-/babel-generator-6.25.5.tgz",
      "integrity": "sha512-lhbwMlAy5rfWG+R6l8aPtJdEFX/kcv6LMFIuvUb0i89ehqgD24je9YcB+0fRspQhgJGlEsUImxpw4pQeKS/+8Q==",
      "dev": true,
      "requires": {
        "@types/babel-types": "*"
      }
    },
    "@types/babel-template": {
      "version": "6.25.2",
      "resolved": "https://registry.npmjs.org/@types/babel-template/-/babel-template-6.25.2.tgz",
      "integrity": "sha512-QKtDQRJmAz3Y1HSxfMl0syIHebMc/NnOeH/8qeD0zjgU2juD0uyC922biMxCy5xjTNvHinigML2l8kxE8eEBmw==",
      "dev": true,
      "requires": {
        "@types/babel-types": "*",
        "@types/babylon": "*"
      }
    },
    "@types/babel-traverse": {
      "version": "6.25.7",
      "resolved": "https://registry.npmjs.org/@types/babel-traverse/-/babel-traverse-6.25.7.tgz",
      "integrity": "sha512-BeQiEGLnVzypzBdsexEpZAHUx+WucOMXW6srEWDkl4SegBlaCy+iBvRO+4vz6EZ+BNQg22G4MCdDdvZxf+jW5A==",
      "dev": true,
      "requires": {
        "@types/babel-types": "*"
      }
    },
    "@types/babel-types": {
      "version": "7.0.11",
      "resolved": "https://registry.npmjs.org/@types/babel-types/-/babel-types-7.0.11.tgz",
      "integrity": "sha512-pkPtJUUY+Vwv6B1inAz55rQvivClHJxc9aVEPPmaq2cbyeMLCiDpbKpcKyX4LAwpNGi+SHBv0tHv6+0gXv0P2A==",
      "dev": true
    },
    "@types/babylon": {
      "version": "6.16.6",
      "resolved": "https://registry.npmjs.org/@types/babylon/-/babylon-6.16.6.tgz",
      "integrity": "sha512-G4yqdVlhr6YhzLXFKy5F7HtRBU8Y23+iWy7UKthMq/OSQnL1hbsoeXESQ2LY8zEDlknipDG3nRGhUC9tkwvy/w==",
      "dev": true,
      "requires": {
        "@types/babel-types": "*"
      }
    },
    "@types/chai": {
      "version": "4.3.3",
      "resolved": "https://registry.npmjs.org/@types/chai/-/chai-4.3.3.tgz",
      "integrity": "sha512-hC7OMnszpxhZPduX+m+nrx+uFoLkWOMiR4oa/AZF3MuSETYTZmFfJAHqZEM8MVlvfG7BEUcgvtwoCTxBp6hm3g==",
      "dev": true
    },
    "@types/chai-dom": {
      "version": "0.0.13",
      "resolved": "https://registry.npmjs.org/@types/chai-dom/-/chai-dom-0.0.13.tgz",
      "integrity": "sha512-A0DqBgZIExkhlH15chRY4qSIBWtl2/ZEvyNjBo+Xp0gZRexz3qjFNHh1mUhhD3TFVacCz1PC8FAPMpUqzSR1AQ==",
      "dev": true,
      "requires": {
        "@types/chai": "*"
      }
    },
    "@types/chai-spies": {
      "version": "1.0.3",
      "resolved": "https://registry.npmjs.org/@types/chai-spies/-/chai-spies-1.0.3.tgz",
      "integrity": "sha512-RBZjhVuK7vrg4rWMt04UF5zHYwfHnpk5mIWu3nQvU3AKGDixXzSjZ6v0zke6pBcaJqMv3IBZ5ibLWPMRDL0sLw==",
      "dev": true,
      "requires": {
        "@types/chai": "*"
      }
    },
    "@types/define-properties": {
      "version": "1.1.3",
      "resolved": "https://registry.npmjs.org/@types/define-properties/-/define-properties-1.1.3.tgz",
      "integrity": "sha512-sy28cGpoVMKev/So6+j09IvzEbvpxVjvl8wfOpP8ibNh4l+zH+UoVIqqQjFi1p79nzv4Bi/zZx4mSI/brTib/A==",
      "dev": true
    },
    "@types/gensync": {
      "version": "1.0.0",
      "resolved": "https://registry.npmjs.org/@types/gensync/-/gensync-1.0.0.tgz",
      "integrity": "sha512-EdnUCy58wrMg7sucUqEHdJ4sN+uBx62vHepdrWay5XCe6WYLGIVl9YH5ylrk6+PQIEzM/Ud3XrB41YQ0gcYRZw==",
      "dev": true
    },
    "@types/has": {
      "version": "1.0.0",
      "resolved": "https://registry.npmjs.org/@types/has/-/has-1.0.0.tgz",
      "integrity": "sha512-1J4U6Ipq5B+ytzNa9XWYg+U5cI5nt12a+RiISbKD9a74QDoRVhoBd6GPtd+imkqQRaTGO1l6bvdP1cqsM6dCpw==",
      "dev": true
    },
    "@types/jsdom": {
      "version": "20.0.0",
      "resolved": "https://registry.npmjs.org/@types/jsdom/-/jsdom-20.0.0.tgz",
      "integrity": "sha512-YfAchFs0yM1QPDrLm2VHe+WHGtqms3NXnXAMolrgrVP6fgBHHXy1ozAbo/dFtPNtZC/m66bPiCTWYmqp1F14gA==",
      "dev": true,
      "requires": {
        "@types/node": "*",
        "@types/tough-cookie": "*",
        "parse5": "^7.0.0"
      }
    },
    "@types/mocha": {
      "version": "9.1.1",
      "resolved": "https://registry.npmjs.org/@types/mocha/-/mocha-9.1.1.tgz",
      "integrity": "sha512-Z61JK7DKDtdKTWwLeElSEBcWGRLY8g95ic5FoQqI9CMx0ns/Ghep3B4DfcEimiKMvtamNVULVNKEsiwV3aQmXw==",
      "dev": true
    },
    "@types/node": {
      "version": "18.6.3",
      "resolved": "https://registry.npmjs.org/@types/node/-/node-18.6.3.tgz",
      "integrity": "sha512-6qKpDtoaYLM+5+AFChLhHermMQxc3TOEFIDzrZLPRGHPrLEwqFkkT5Kx3ju05g6X7uDPazz3jHbKPX0KzCjntg==",
      "dev": true
    },
    "@types/object-inspect": {
      "version": "1.8.1",
      "resolved": "https://registry.npmjs.org/@types/object-inspect/-/object-inspect-1.8.1.tgz",
      "integrity": "sha512-0JTdf3CGV0oWzE6Wa40Ayv2e2GhpP3pEJMcrlM74vBSJPuuNkVwfDnl0SZxyFCXETcB4oKA/MpTVfuYSMOelBg==",
      "dev": true
    },
    "@types/semver": {
      "version": "7.3.10",
      "resolved": "https://registry.npmjs.org/@types/semver/-/semver-7.3.10.tgz",
      "integrity": "sha512-zsv3fsC7S84NN6nPK06u79oWgrPVd0NvOyqgghV1haPaFcVxIrP4DLomRwGAXk0ui4HZA7mOcSFL98sMVW9viw==",
      "dev": true
    },
    "@types/sinon": {
      "version": "10.0.13",
      "resolved": "https://registry.npmjs.org/@types/sinon/-/sinon-10.0.13.tgz",
      "integrity": "sha512-UVjDqJblVNQYvVNUsj0PuYYw0ELRmgt1Nt5Vk0pT5f16ROGfcKJY8o1HVuMOJOpD727RrGB9EGvoaTQE5tgxZQ==",
      "dev": true,
      "requires": {
        "@types/sinonjs__fake-timers": "*"
      }
    },
    "@types/sinonjs__fake-timers": {
      "version": "8.1.2",
      "resolved": "https://registry.npmjs.org/@types/sinonjs__fake-timers/-/sinonjs__fake-timers-8.1.2.tgz",
      "integrity": "sha512-9GcLXF0/v3t80caGs5p2rRfkB+a8VBGLJZVih6CNFkx8IZ994wiKKLSRs9nuFwk1HevWs/1mnUmkApGrSGsShA==",
      "dev": true
    },
    "@types/tough-cookie": {
      "version": "4.0.2",
      "resolved": "https://registry.npmjs.org/@types/tough-cookie/-/tough-cookie-4.0.2.tgz",
      "integrity": "sha512-Q5vtl1W5ue16D+nIaW8JWebSSraJVlK+EthKn7e7UcD4KWsaSJ8BqGPXNaPghgtcn/fhvrN17Tv8ksUsQpiplw==",
      "dev": true
    },
    "entities": {
      "version": "4.3.1",
      "resolved": "https://registry.npmjs.org/entities/-/entities-4.3.1.tgz",
      "integrity": "sha512-o4q/dYJlmyjP2zfnaWDUC6A3BQFmVTX+tZPezK7k0GLSU9QYCauscf5Y+qcEPzKL+EixVouYDgLQK5H9GrLpkg==",
      "dev": true
    },
    "parse5": {
      "version": "7.0.0",
      "resolved": "https://registry.npmjs.org/parse5/-/parse5-7.0.0.tgz",
      "integrity": "sha512-y/t8IXSPWTuRZqXc0ajH/UwDj4mnqLEbSttNbThcFhGrZuOyoyvNBO85PBp2jQa55wY9d07PBNjsK8ZP3K5U6g==",
      "dev": true,
      "requires": {
        "entities": "^4.3.0"
      }
    },
    "to-fast-properties": {
      "version": "2.0.0",
      "resolved": "https://registry.npmjs.org/to-fast-properties/-/to-fast-properties-2.0.0.tgz",
      "integrity": "sha512-/OaKK0xYrs3DmxRYqL/yDc+FxFUVYhDlXMhRmv3z915w2HF1tnN1omB354j8VUGO/hbRzyD6Y3sA7v7GS/ceog==",
      "dev": true
    },
    "types-registry": {
      "version": "0.1.606",
      "resolved": "https://registry.npmjs.org/types-registry/-/types-registry-0.1.606.tgz",
      "integrity": "sha512-INI0PTChOJ1zeEEFjwn/8K6bppp/yXVAWEB5I8X1cP+l1IiMuD5poNhZdDx6rv3Mc/y3ps3I2PRMrKA6W/CBPA=="
    }
  }
}
